
Microsoft Visual Studio Solution File, Format Version 12.00
# Visual Studio Version 17
VisualStudioVersion = 17.14.36705.20 d17.14
MinimumVisualStudioVersion = 10.0.40219.1
Project("{FAE04EC0-301F-11D3-BF4B-00C04F79EFBC}") = "ISI_TP2", "ISI_TP2\ISI_TP2.csproj", "{D7E18636-5C43-4D49-B00B-D1A05AECB753}"
EndProject
Global
	GlobalSection(SolutionConfigurationPlatforms) = preSolution
		Debug|Any CPU = Debug|Any CPU
		Release|Any CPU = Release|Any CPU
	EndGlobalSection
	GlobalSection(ProjectConfigurationPlatforms) = postSolution
		{D7E18636-5C43-4D49-B00B-D1A05AECB753}.Debug|Any CPU.ActiveCfg = Debug|Any CPU
		{D7E18636-5C43-4D49-B00B-D1A05AECB753}.Debug|Any CPU.Build.0 = Debug|Any CPU
		{D7E18636-5C43-4D49-B00B-D1A05AECB753}.Release|Any CPU.ActiveCfg = Release|Any CPU
		{D7E18636-5C43-4D49-B00B-D1A05AECB753}.Release|Any CPU.Build.0 = Release|Any CPU
	EndGlobalSection
	GlobalSection(SolutionProperties) = preSolution
		HideSolutionNode = FALSE
	EndGlobalSection
	GlobalSection(ExtensibilityGlobals) = postSolution
		SolutionGuid = {EEBD4244-B7B0-4CE5-AB39-22A1248A3683}
	EndGlobalSection
EndGlobal
